
Microsoft Visual Studio Solution File, Format Version 12.00
# Visual Studio 15
VisualStudioVersion = 15.0.28307.271
MinimumVisualStudioVersion = 10.0.40219.1
Project("{FAE04EC0-301F-11D3-BF4B-00C04F79EFBC}") = "VisioAddIn", "VisioAddIn\VisioAddIn.csproj", "{388EE670-9893-4AD7-B5C0-80C63641CC47}"
EndProject
Project("{FAE04EC0-301F-11D3-BF4B-00C04F79EFBC}") = "GraphLibrary", "GraphLibrary\GraphLibrary.csproj", "{9E0A77A0-3838-445E-BE7D-13ECA0DE3B3E}"
EndProject
Global
	GlobalSection(SolutionConfigurationPlatforms) = preSolution
		Debug|Any CPU = Debug|Any CPU
		Release|Any CPU = Release|Any CPU
	EndGlobalSection
	GlobalSection(ProjectConfigurationPlatforms) = postSolution
		{388EE670-9893-4AD7-B5C0-80C63641CC47}.Debug|Any CPU.ActiveCfg = Debug|Any CPU
		{388EE670-9893-4AD7-B5C0-80C63641CC47}.Debug|Any CPU.Build.0 = Debug|Any CPU
		{388EE670-9893-4AD7-B5C0-80C63641CC47}.Release|Any CPU.ActiveCfg = Release|Any CPU
		{388EE670-9893-4AD7-B5C0-80C63641CC47}.Release|Any CPU.Build.0 = Release|Any CPU
		{9E0A77A0-3838-445E-BE7D-13ECA0DE3B3E}.Debug|Any CPU.ActiveCfg = Debug|Any CPU
		{9E0A77A0-3838-445E-BE7D-13ECA0DE3B3E}.Debug|Any CPU.Build.0 = Debug|Any CPU
		{9E0A77A0-3838-445E-BE7D-13ECA0DE3B3E}.Release|Any CPU.ActiveCfg = Release|Any CPU
		{9E0A77A0-3838-445E-BE7D-13ECA0DE3B3E}.Release|Any CPU.Build.0 = Release|Any CPU
	EndGlobalSection
	GlobalSection(SolutionProperties) = preSolution
		HideSolutionNode = FALSE
	EndGlobalSection
	GlobalSection(ExtensibilityGlobals) = postSolution
		SolutionGuid = {C404F48D-5BA7-48FD-8268-6C78CEB75746}
	EndGlobalSection
EndGlobal
